
Microsoft Visual Studio Solution File, Format Version 12.00
# Visual Studio 15
VisualStudioVersion = 15.0.28307.1738
MinimumVisualStudioVersion = 10.0.40219.1
Project("{FAE04EC0-301F-11D3-BF4B-00C04F79EFBC}") = "championsleague", "championsleague\championsleague.csproj", "{5490D977-536F-4D3F-A4F9-3637F5AAFDD5}"
EndProject
Global
	GlobalSection(SolutionConfigurationPlatforms) = preSolution
		Debug|Any CPU = Debug|Any CPU
		Release|Any CPU = Release|Any CPU
	EndGlobalSection
	GlobalSection(ProjectConfigurationPlatforms) = postSolution
		{5490D977-536F-4D3F-A4F9-3637F5AAFDD5}.Debug|Any CPU.ActiveCfg = Debug|Any CPU
		{5490D977-536F-4D3F-A4F9-3637F5AAFDD5}.Debug|Any CPU.Build.0 = Debug|Any CPU
		{5490D977-536F-4D3F-A4F9-3637F5AAFDD5}.Release|Any CPU.ActiveCfg = Release|Any CPU
		{5490D977-536F-4D3F-A4F9-3637F5AAFDD5}.Release|Any CPU.Build.0 = Release|Any CPU
	EndGlobalSection
	GlobalSection(SolutionProperties) = preSolution
		HideSolutionNode = FALSE
	EndGlobalSection
	GlobalSection(ExtensibilityGlobals) = postSolution
		SolutionGuid = {48C9AC52-01BE-44B0-A58D-973CE711B0C8}
	EndGlobalSection
EndGlobal
